
Microsoft Visual Studio Solution File, Format Version 12.00
# Visual Studio Version 17
VisualStudioVersion = 17.4.33213.308
MinimumVisualStudioVersion = 10.0.40219.1
Project("{FAE04EC0-301F-11D3-BF4B-00C04F79EFBC}") = "LR2", "LR2\LR2.csproj", "{2138177E-9CBB-4603-9266-BD95CAA837F0}"
EndProject
Global
	GlobalSection(SolutionConfigurationPlatforms) = preSolution
		Debug|Any CPU = Debug|Any CPU
		Release|Any CPU = Release|Any CPU
	EndGlobalSection
	GlobalSection(ProjectConfigurationPlatforms) = postSolution
		{2138177E-9CBB-4603-9266-BD95CAA837F0}.Debug|Any CPU.ActiveCfg = Debug|Any CPU
		{2138177E-9CBB-4603-9266-BD95CAA837F0}.Debug|Any CPU.Build.0 = Debug|Any CPU
		{2138177E-9CBB-4603-9266-BD95CAA837F0}.Release|Any CPU.ActiveCfg = Release|Any CPU
		{2138177E-9CBB-4603-9266-BD95CAA837F0}.Release|Any CPU.Build.0 = Release|Any CPU
	EndGlobalSection
	GlobalSection(SolutionProperties) = preSolution
		HideSolutionNode = FALSE
	EndGlobalSection
	GlobalSection(ExtensibilityGlobals) = postSolution
		SolutionGuid = {062BE739-B1BE-4760-9A09-FA5EDECEEF00}
	EndGlobalSection
EndGlobal
